
Microsoft Visual Studio Solution File, Format Version 12.00
# Visual Studio Version 16
VisualStudioVersion = 25.0.1704.4
MinimumVisualStudioVersion = 10.0.40219.1
Project("{FAE04EC0-301F-11D3-BF4B-00C04F79EFBC}") = "itu-minitwit.Server", "itu-minitwit\Server\itu-minitwit.Server.csproj", "{6F18B42E-9DE4-4879-883E-D81444AF657B}"
EndProject
Project("{FAE04EC0-301F-11D3-BF4B-00C04F79EFBC}") = "itu-minitwit.Client", "itu-minitwit\Client\itu-minitwit.Client.csproj", "{129CD5D6-D438-470F-A79D-C65D4945EA86}"
EndProject
Project("{FAE04EC0-301F-11D3-BF4B-00C04F79EFBC}") = "itu-minitwit.Shared", "itu-minitwit\Shared\itu-minitwit.Shared.csproj", "{091F1BE3-DB01-4066-8670-D4A6FDAD08D4}"
EndProject
Global
	GlobalSection(SolutionConfigurationPlatforms) = preSolution
		Debug|Any CPU = Debug|Any CPU
		Release|Any CPU = Release|Any CPU
	EndGlobalSection
	GlobalSection(ProjectConfigurationPlatforms) = postSolution
		{6F18B42E-9DE4-4879-883E-D81444AF657B}.Debug|Any CPU.ActiveCfg = Debug|Any CPU
		{6F18B42E-9DE4-4879-883E-D81444AF657B}.Debug|Any CPU.Build.0 = Debug|Any CPU
		{6F18B42E-9DE4-4879-883E-D81444AF657B}.Release|Any CPU.ActiveCfg = Release|Any CPU
		{6F18B42E-9DE4-4879-883E-D81444AF657B}.Release|Any CPU.Build.0 = Release|Any CPU
		{129CD5D6-D438-470F-A79D-C65D4945EA86}.Debug|Any CPU.ActiveCfg = Debug|Any CPU
		{129CD5D6-D438-470F-A79D-C65D4945EA86}.Debug|Any CPU.Build.0 = Debug|Any CPU
		{129CD5D6-D438-470F-A79D-C65D4945EA86}.Release|Any CPU.ActiveCfg = Release|Any CPU
		{129CD5D6-D438-470F-A79D-C65D4945EA86}.Release|Any CPU.Build.0 = Release|Any CPU
		{091F1BE3-DB01-4066-8670-D4A6FDAD08D4}.Debug|Any CPU.ActiveCfg = Debug|Any CPU
		{091F1BE3-DB01-4066-8670-D4A6FDAD08D4}.Debug|Any CPU.Build.0 = Debug|Any CPU
		{091F1BE3-DB01-4066-8670-D4A6FDAD08D4}.Release|Any CPU.ActiveCfg = Release|Any CPU
		{091F1BE3-DB01-4066-8670-D4A6FDAD08D4}.Release|Any CPU.Build.0 = Release|Any CPU
	EndGlobalSection
	GlobalSection(SolutionProperties) = preSolution
		HideSolutionNode = FALSE
	EndGlobalSection
	GlobalSection(ExtensibilityGlobals) = postSolution
		SolutionGuid = {2EA7C95A-B65C-46E3-92F1-1C9C53529DCD}
	EndGlobalSection
EndGlobal
